
Microsoft Visual Studio Solution File, Format Version 12.00
# Visual Studio Version 16
VisualStudioVersion = 16.0.29709.97
MinimumVisualStudioVersion = 10.0.40219.1
Project("{FAE04EC0-301F-11D3-BF4B-00C04F79EFBC}") = "HelloWorld", "HelloWorld.csproj", "{3662C307-8B2C-456C-8B4F-7C6C763B76CB}"
EndProject
Global
	GlobalSection(SolutionConfigurationPlatforms) = preSolution
		Debug|Any CPU = Debug|Any CPU
		Release|Any CPU = Release|Any CPU
	EndGlobalSection
	GlobalSection(ProjectConfigurationPlatforms) = postSolution
		{3662C307-8B2C-456C-8B4F-7C6C763B76CB}.Debug|Any CPU.ActiveCfg = Debug|Any CPU
		{3662C307-8B2C-456C-8B4F-7C6C763B76CB}.Debug|Any CPU.Build.0 = Debug|Any CPU
		{3662C307-8B2C-456C-8B4F-7C6C763B76CB}.Release|Any CPU.ActiveCfg = Release|Any CPU
		{3662C307-8B2C-456C-8B4F-7C6C763B76CB}.Release|Any CPU.Build.0 = Release|Any CPU
	EndGlobalSection
	GlobalSection(SolutionProperties) = preSolution
		HideSolutionNode = FALSE
	EndGlobalSection
	GlobalSection(ExtensibilityGlobals) = postSolution
		SolutionGuid = {E5A76A55-878F-4394-9AA0-17F45B53E00A}
	EndGlobalSection
EndGlobal
